
Microsoft Visual Studio Solution File, Format Version 12.00
# Visual Studio 15
VisualStudioVersion = 15.0.27703.2018
MinimumVisualStudioVersion = 10.0.40219.1
Project("{FAE04EC0-301F-11D3-BF4B-00C04F79EFBC}") = "Our.Umbraco.DocTypeLibrary", "Our.Umbraco.DocTypeLibrary\Our.Umbraco.DocTypeLibrary.csproj", "{D635D146-401B-4B90-9DAB-7C1FB411EB54}"
EndProject
Project("{FAE04EC0-301F-11D3-BF4B-00C04F79EFBC}") = "DocTypeLibrary.Site", "DocTypeLibrary.Site\DocTypeLibrary.Site.csproj", "{93D05FDB-2635-43CB-8A55-86E2A4806D78}"
EndProject
Project("{2150E333-8FDC-42A3-9474-1A3956D46DE8}") = "Solution Items", "Solution Items", "{513E6004-0871-4FDB-AD4D-5D7EEDD545EE}"
	ProjectSection(SolutionItems) = preProject
		gulpfile.js = gulpfile.js
	EndProjectSection
EndProject
Global
	GlobalSection(SolutionConfigurationPlatforms) = preSolution
		Debug|Any CPU = Debug|Any CPU
		Release|Any CPU = Release|Any CPU
	EndGlobalSection
	GlobalSection(ProjectConfigurationPlatforms) = postSolution
		{D635D146-401B-4B90-9DAB-7C1FB411EB54}.Debug|Any CPU.ActiveCfg = Debug|Any CPU
		{D635D146-401B-4B90-9DAB-7C1FB411EB54}.Debug|Any CPU.Build.0 = Debug|Any CPU
		{D635D146-401B-4B90-9DAB-7C1FB411EB54}.Release|Any CPU.ActiveCfg = Release|Any CPU
		{D635D146-401B-4B90-9DAB-7C1FB411EB54}.Release|Any CPU.Build.0 = Release|Any CPU
		{93D05FDB-2635-43CB-8A55-86E2A4806D78}.Debug|Any CPU.ActiveCfg = Debug|Any CPU
		{93D05FDB-2635-43CB-8A55-86E2A4806D78}.Debug|Any CPU.Build.0 = Debug|Any CPU
		{93D05FDB-2635-43CB-8A55-86E2A4806D78}.Release|Any CPU.ActiveCfg = Release|Any CPU
		{93D05FDB-2635-43CB-8A55-86E2A4806D78}.Release|Any CPU.Build.0 = Release|Any CPU
	EndGlobalSection
	GlobalSection(SolutionProperties) = preSolution
		HideSolutionNode = FALSE
	EndGlobalSection
	GlobalSection(ExtensibilityGlobals) = postSolution
		SolutionGuid = {5634EA44-BFA3-4F10-97EC-FB01A8E9A4CD}
	EndGlobalSection
EndGlobal
